
Microsoft Visual Studio Solution File, Format Version 12.00
# Visual Studio 2012
Project("{FAE04EC0-301F-11D3-BF4B-00C04F79EFBC}") = "MessagesInABottle", "MessagesInABottle\MessagesInABottle.csproj", "{FCF71989-46E6-4853-AE38-351E11AE682F}"
EndProject
Global
	GlobalSection(SolutionConfigurationPlatforms) = preSolution
		Debug|Any CPU = Debug|Any CPU
		Release|Any CPU = Release|Any CPU
	EndGlobalSection
	GlobalSection(ProjectConfigurationPlatforms) = postSolution
		{FCF71989-46E6-4853-AE38-351E11AE682F}.Debug|Any CPU.ActiveCfg = Debug|Any CPU
		{FCF71989-46E6-4853-AE38-351E11AE682F}.Debug|Any CPU.Build.0 = Debug|Any CPU
		{FCF71989-46E6-4853-AE38-351E11AE682F}.Release|Any CPU.ActiveCfg = Release|Any CPU
		{FCF71989-46E6-4853-AE38-351E11AE682F}.Release|Any CPU.Build.0 = Release|Any CPU
	EndGlobalSection
	GlobalSection(SolutionProperties) = preSolution
		HideSolutionNode = FALSE
	EndGlobalSection
EndGlobal
