
Microsoft Visual Studio Solution File, Format Version 12.00
# Visual Studio 2012
Project("{FAE04EC0-301F-11D3-BF4B-00C04F79EFBC}") = "Task_02_ReverseNumbers", "Task_02_ReverseNumbers\Task_02_ReverseNumbers.csproj", "{22E3DE0A-8A1B-4DD7-AEF7-A23C4A2C7293}"
EndProject
Project("{FAE04EC0-301F-11D3-BF4B-00C04F79EFBC}") = "Task_03_SortNumbers", "Task_03_SortNumbers\Task_03_SortNumbers.csproj", "{0B67AA02-E172-467F-8865-9F2458E5E35F}"
EndProject
Project("{FAE04EC0-301F-11D3-BF4B-00C04F79EFBC}") = "Task_04_LongestSubsequence", "Task_04_LongestSubsequence\Task_04_LongestSubsequence.csproj", "{7D0F1678-A8A4-4DBF-8C21-03BA7026C4F0}"
EndProject
Project("{FAE04EC0-301F-11D3-BF4B-00C04F79EFBC}") = "Task_05_RemoveNegativeNumbers", "Task_05_RemoveNegativeNumbers\Task_05_RemoveNegativeNumbers.csproj", "{8CE6DC9E-1BA5-4FF3-A3E5-986A27205AA2}"
EndProject
Project("{FAE04EC0-301F-11D3-BF4B-00C04F79EFBC}") = "Task_06_RemoveNumbers", "Task_06_RemoveNumbers\Task_06_RemoveNumbers.csproj", "{C80A29F8-A3C5-47E2-A2A8-F04D72FD37A5}"
EndProject
Project("{FAE04EC0-301F-11D3-BF4B-00C04F79EFBC}") = "Task_01_ReadNumbers", "Task_01_ReadNumbers\Task_01_ReadNumbers.csproj", "{5EB24CF9-4D1E-456F-B6A5-F17E61CFAB8B}"
EndProject
Project("{FAE04EC0-301F-11D3-BF4B-00C04F79EFBC}") = "Task_11_ImplementLinkedList", "Task_11_ImplementLinkedList\Task_11_ImplementLinkedList.csproj", "{BAC211B5-1E56-4912-9C7D-D5271E681FF8}"
EndProject
Project("{FAE04EC0-301F-11D3-BF4B-00C04F79EFBC}") = "Task_13_ImplementLinkedQueue", "Task_13_ImplementLinkedQueue\Task_13_ImplementLinkedQueue.csproj", "{5B03C3E0-170E-4062-AE33-0B071C13268E}"
EndProject
Project("{FAE04EC0-301F-11D3-BF4B-00C04F79EFBC}") = "Task_07_HowManyTimesNumberOccurs", "Task_07_HowManyTimesNumberOccurs\Task_07_HowManyTimesNumberOccurs.csproj", "{9AF01743-D035-4477-BD79-D39D3454E7AA}"
EndProject
Project("{FAE04EC0-301F-11D3-BF4B-00C04F79EFBC}") = "TestEquals", "TestEquals\TestEquals.csproj", "{89737409-74A5-42AA-BEE7-AAE983B97714}"
EndProject
Project("{FAE04EC0-301F-11D3-BF4B-00C04F79EFBC}") = "Task_12_ImplementStack", "Task_12_ImplementStack\Task_12_ImplementStack.csproj", "{E9F676A7-030F-4723-9779-6A6B3F6AF535}"
EndProject
Project("{2150E333-8FDC-42A3-9474-1A3956D46DE8}") = "Solution Items", "Solution Items", "{F24AE8AB-3561-46DA-8CE6-D628D3710B7A}"
	ProjectSection(SolutionItems) = preProject
		WE-settings.xml = WE-settings.xml
	EndProjectSection
EndProject
Project("{FAE04EC0-301F-11D3-BF4B-00C04F79EFBC}") = "Task_09_PrintFirst50Members", "Task_09_PrintFirst50Members\Task_09_PrintFirst50Members.csproj", "{797BCCCC-03B5-46B9-932A-E33C02D9E593}"
EndProject
Global
	GlobalSection(SolutionConfigurationPlatforms) = preSolution
		Debug|Any CPU = Debug|Any CPU
		Release|Any CPU = Release|Any CPU
	EndGlobalSection
	GlobalSection(ProjectConfigurationPlatforms) = postSolution
		{22E3DE0A-8A1B-4DD7-AEF7-A23C4A2C7293}.Debug|Any CPU.ActiveCfg = Debug|Any CPU
		{22E3DE0A-8A1B-4DD7-AEF7-A23C4A2C7293}.Debug|Any CPU.Build.0 = Debug|Any CPU
		{22E3DE0A-8A1B-4DD7-AEF7-A23C4A2C7293}.Release|Any CPU.ActiveCfg = Release|Any CPU
		{22E3DE0A-8A1B-4DD7-AEF7-A23C4A2C7293}.Release|Any CPU.Build.0 = Release|Any CPU
		{0B67AA02-E172-467F-8865-9F2458E5E35F}.Debug|Any CPU.ActiveCfg = Debug|Any CPU
		{0B67AA02-E172-467F-8865-9F2458E5E35F}.Debug|Any CPU.Build.0 = Debug|Any CPU
		{0B67AA02-E172-467F-8865-9F2458E5E35F}.Release|Any CPU.ActiveCfg = Release|Any CPU
		{0B67AA02-E172-467F-8865-9F2458E5E35F}.Release|Any CPU.Build.0 = Release|Any CPU
		{7D0F1678-A8A4-4DBF-8C21-03BA7026C4F0}.Debug|Any CPU.ActiveCfg = Debug|Any CPU
		{7D0F1678-A8A4-4DBF-8C21-03BA7026C4F0}.Debug|Any CPU.Build.0 = Debug|Any CPU
		{7D0F1678-A8A4-4DBF-8C21-03BA7026C4F0}.Release|Any CPU.ActiveCfg = Release|Any CPU
		{7D0F1678-A8A4-4DBF-8C21-03BA7026C4F0}.Release|Any CPU.Build.0 = Release|Any CPU
		{8CE6DC9E-1BA5-4FF3-A3E5-986A27205AA2}.Debug|Any CPU.ActiveCfg = Debug|Any CPU
		{8CE6DC9E-1BA5-4FF3-A3E5-986A27205AA2}.Debug|Any CPU.Build.0 = Debug|Any CPU
		{8CE6DC9E-1BA5-4FF3-A3E5-986A27205AA2}.Release|Any CPU.ActiveCfg = Release|Any CPU
		{8CE6DC9E-1BA5-4FF3-A3E5-986A27205AA2}.Release|Any CPU.Build.0 = Release|Any CPU
		{C80A29F8-A3C5-47E2-A2A8-F04D72FD37A5}.Debug|Any CPU.ActiveCfg = Debug|Any CPU
		{C80A29F8-A3C5-47E2-A2A8-F04D72FD37A5}.Debug|Any CPU.Build.0 = Debug|Any CPU
		{C80A29F8-A3C5-47E2-A2A8-F04D72FD37A5}.Release|Any CPU.ActiveCfg = Release|Any CPU
		{C80A29F8-A3C5-47E2-A2A8-F04D72FD37A5}.Release|Any CPU.Build.0 = Release|Any CPU
		{5EB24CF9-4D1E-456F-B6A5-F17E61CFAB8B}.Debug|Any CPU.ActiveCfg = Debug|Any CPU
		{5EB24CF9-4D1E-456F-B6A5-F17E61CFAB8B}.Debug|Any CPU.Build.0 = Debug|Any CPU
		{5EB24CF9-4D1E-456F-B6A5-F17E61CFAB8B}.Release|Any CPU.ActiveCfg = Release|Any CPU
		{5EB24CF9-4D1E-456F-B6A5-F17E61CFAB8B}.Release|Any CPU.Build.0 = Release|Any CPU
		{BAC211B5-1E56-4912-9C7D-D5271E681FF8}.Debug|Any CPU.ActiveCfg = Debug|Any CPU
		{BAC211B5-1E56-4912-9C7D-D5271E681FF8}.Debug|Any CPU.Build.0 = Debug|Any CPU
		{BAC211B5-1E56-4912-9C7D-D5271E681FF8}.Release|Any CPU.ActiveCfg = Release|Any CPU
		{BAC211B5-1E56-4912-9C7D-D5271E681FF8}.Release|Any CPU.Build.0 = Release|Any CPU
		{5B03C3E0-170E-4062-AE33-0B071C13268E}.Debug|Any CPU.ActiveCfg = Debug|Any CPU
		{5B03C3E0-170E-4062-AE33-0B071C13268E}.Debug|Any CPU.Build.0 = Debug|Any CPU
		{5B03C3E0-170E-4062-AE33-0B071C13268E}.Release|Any CPU.ActiveCfg = Release|Any CPU
		{5B03C3E0-170E-4062-AE33-0B071C13268E}.Release|Any CPU.Build.0 = Release|Any CPU
		{9AF01743-D035-4477-BD79-D39D3454E7AA}.Debug|Any CPU.ActiveCfg = Debug|Any CPU
		{9AF01743-D035-4477-BD79-D39D3454E7AA}.Debug|Any CPU.Build.0 = Debug|Any CPU
		{9AF01743-D035-4477-BD79-D39D3454E7AA}.Release|Any CPU.ActiveCfg = Release|Any CPU
		{9AF01743-D035-4477-BD79-D39D3454E7AA}.Release|Any CPU.Build.0 = Release|Any CPU
		{89737409-74A5-42AA-BEE7-AAE983B97714}.Debug|Any CPU.ActiveCfg = Debug|Any CPU
		{89737409-74A5-42AA-BEE7-AAE983B97714}.Debug|Any CPU.Build.0 = Debug|Any CPU
		{89737409-74A5-42AA-BEE7-AAE983B97714}.Release|Any CPU.ActiveCfg = Release|Any CPU
		{89737409-74A5-42AA-BEE7-AAE983B97714}.Release|Any CPU.Build.0 = Release|Any CPU
		{E9F676A7-030F-4723-9779-6A6B3F6AF535}.Debug|Any CPU.ActiveCfg = Debug|Any CPU
		{E9F676A7-030F-4723-9779-6A6B3F6AF535}.Debug|Any CPU.Build.0 = Debug|Any CPU
		{E9F676A7-030F-4723-9779-6A6B3F6AF535}.Release|Any CPU.ActiveCfg = Release|Any CPU
		{E9F676A7-030F-4723-9779-6A6B3F6AF535}.Release|Any CPU.Build.0 = Release|Any CPU
		{797BCCCC-03B5-46B9-932A-E33C02D9E593}.Debug|Any CPU.ActiveCfg = Debug|Any CPU
		{797BCCCC-03B5-46B9-932A-E33C02D9E593}.Debug|Any CPU.Build.0 = Debug|Any CPU
		{797BCCCC-03B5-46B9-932A-E33C02D9E593}.Release|Any CPU.ActiveCfg = Release|Any CPU
		{797BCCCC-03B5-46B9-932A-E33C02D9E593}.Release|Any CPU.Build.0 = Release|Any CPU
	EndGlobalSection
	GlobalSection(SolutionProperties) = preSolution
		HideSolutionNode = FALSE
	EndGlobalSection
EndGlobal
