
Microsoft Visual Studio Solution File, Format Version 12.00
# Visual Studio 2012
Project("{2150E333-8FDC-42A3-9474-1A3956D46DE8}") = "Task_1_2_3_Student", "Task_1_2_3_Student", "{62658E5F-570B-4165-9F37-2EF186F617BD}"
EndProject
Project("{2150E333-8FDC-42A3-9474-1A3956D46DE8}") = "StudentClassLibrary", "StudentClassLibrary", "{CDA8E8AA-B447-49A5-B0CA-077F727F972D}"
EndProject
Project("{FAE04EC0-301F-11D3-BF4B-00C04F79EFBC}") = "StudentClassLibrary", "StudentClassLibrary\StudentClassLibrary.csproj", "{8C160366-2B08-4C42-88C5-9393FFE05275}"
	ProjectSection(ProjectDependencies) = postProject
		{4E4E536E-CA60-4904-B8D8-508A2D8A7541} = {4E4E536E-CA60-4904-B8D8-508A2D8A7541}
	EndProjectSection
EndProject
Project("{2150E333-8FDC-42A3-9474-1A3956D46DE8}") = "StudentTestApplication", "StudentTestApplication", "{835E9FD0-5340-424B-A80C-85EC8B92078B}"
EndProject
Project("{FAE04EC0-301F-11D3-BF4B-00C04F79EFBC}") = "StudentTest", "StudentTest\StudentTest.csproj", "{BABF20C5-C239-4C98-8278-5D25CF8F08EB}"
EndProject
Project("{2150E333-8FDC-42A3-9474-1A3956D46DE8}") = "Task_4_Person", "Task_4_Person", "{41E1E9AF-73C1-4E5E-9657-E01D0D35BE63}"
EndProject
Project("{FAE04EC0-301F-11D3-BF4B-00C04F79EFBC}") = "PersonClassLibrary", "Person.ClassLibrary\PersonClassLibrary.csproj", "{00B9A2B8-EFBA-45A2-A212-1D84AC9AD570}"
EndProject
Project("{FAE04EC0-301F-11D3-BF4B-00C04F79EFBC}") = "PersonTest", "Person.Test\PersonTest.csproj", "{58FF472C-3FF9-4735-B90E-63A16F15A6E0}"
EndProject
Project("{2150E333-8FDC-42A3-9474-1A3956D46DE8}") = "ClassLibrary", "ClassLibrary", "{1792DCCF-2E73-4490-AD5E-B0DEC5DFB020}"
EndProject
Project("{2150E333-8FDC-42A3-9474-1A3956D46DE8}") = "Test", "Test", "{07019BC1-FBB9-48B6-B167-39266BED2BE4}"
EndProject
Project("{2150E333-8FDC-42A3-9474-1A3956D46DE8}") = "Task_5_BitArray64", "Task_5_BitArray64", "{8F0CC321-E566-42E7-8BCB-A25DD726606C}"
EndProject
Project("{FAE04EC0-301F-11D3-BF4B-00C04F79EFBC}") = "BitArrayClassLibrary", "BitArrayClassLibrary\BitArrayClassLibrary.csproj", "{9211203C-659A-483A-BF2F-5A515C47D6D8}"
EndProject
Project("{2150E333-8FDC-42A3-9474-1A3956D46DE8}") = "ClassLibrary", "ClassLibrary", "{AA79575C-936B-4757-A393-F7547F723C17}"
EndProject
Project("{2150E333-8FDC-42A3-9474-1A3956D46DE8}") = "Test", "Test", "{3C3894F7-A948-4788-9620-03A4816DC679}"
EndProject
Project("{FAE04EC0-301F-11D3-BF4B-00C04F79EFBC}") = "TestArray", "TestArray\TestArray.csproj", "{4E4E536E-CA60-4904-B8D8-508A2D8A7541}"
EndProject
Global
	GlobalSection(SolutionConfigurationPlatforms) = preSolution
		Debug|Any CPU = Debug|Any CPU
		Release|Any CPU = Release|Any CPU
	EndGlobalSection
	GlobalSection(ProjectConfigurationPlatforms) = postSolution
		{8C160366-2B08-4C42-88C5-9393FFE05275}.Debug|Any CPU.ActiveCfg = Debug|Any CPU
		{8C160366-2B08-4C42-88C5-9393FFE05275}.Debug|Any CPU.Build.0 = Debug|Any CPU
		{8C160366-2B08-4C42-88C5-9393FFE05275}.Release|Any CPU.ActiveCfg = Release|Any CPU
		{8C160366-2B08-4C42-88C5-9393FFE05275}.Release|Any CPU.Build.0 = Release|Any CPU
		{BABF20C5-C239-4C98-8278-5D25CF8F08EB}.Debug|Any CPU.ActiveCfg = Debug|Any CPU
		{BABF20C5-C239-4C98-8278-5D25CF8F08EB}.Debug|Any CPU.Build.0 = Debug|Any CPU
		{BABF20C5-C239-4C98-8278-5D25CF8F08EB}.Release|Any CPU.ActiveCfg = Release|Any CPU
		{BABF20C5-C239-4C98-8278-5D25CF8F08EB}.Release|Any CPU.Build.0 = Release|Any CPU
		{00B9A2B8-EFBA-45A2-A212-1D84AC9AD570}.Debug|Any CPU.ActiveCfg = Debug|Any CPU
		{00B9A2B8-EFBA-45A2-A212-1D84AC9AD570}.Debug|Any CPU.Build.0 = Debug|Any CPU
		{00B9A2B8-EFBA-45A2-A212-1D84AC9AD570}.Release|Any CPU.ActiveCfg = Release|Any CPU
		{00B9A2B8-EFBA-45A2-A212-1D84AC9AD570}.Release|Any CPU.Build.0 = Release|Any CPU
		{58FF472C-3FF9-4735-B90E-63A16F15A6E0}.Debug|Any CPU.ActiveCfg = Debug|Any CPU
		{58FF472C-3FF9-4735-B90E-63A16F15A6E0}.Debug|Any CPU.Build.0 = Debug|Any CPU
		{58FF472C-3FF9-4735-B90E-63A16F15A6E0}.Release|Any CPU.ActiveCfg = Release|Any CPU
		{58FF472C-3FF9-4735-B90E-63A16F15A6E0}.Release|Any CPU.Build.0 = Release|Any CPU
		{9211203C-659A-483A-BF2F-5A515C47D6D8}.Debug|Any CPU.ActiveCfg = Debug|Any CPU
		{9211203C-659A-483A-BF2F-5A515C47D6D8}.Debug|Any CPU.Build.0 = Debug|Any CPU
		{9211203C-659A-483A-BF2F-5A515C47D6D8}.Release|Any CPU.ActiveCfg = Release|Any CPU
		{9211203C-659A-483A-BF2F-5A515C47D6D8}.Release|Any CPU.Build.0 = Release|Any CPU
		{4E4E536E-CA60-4904-B8D8-508A2D8A7541}.Debug|Any CPU.ActiveCfg = Debug|Any CPU
		{4E4E536E-CA60-4904-B8D8-508A2D8A7541}.Debug|Any CPU.Build.0 = Debug|Any CPU
		{4E4E536E-CA60-4904-B8D8-508A2D8A7541}.Release|Any CPU.ActiveCfg = Release|Any CPU
		{4E4E536E-CA60-4904-B8D8-508A2D8A7541}.Release|Any CPU.Build.0 = Release|Any CPU
	EndGlobalSection
	GlobalSection(SolutionProperties) = preSolution
		HideSolutionNode = FALSE
	EndGlobalSection
	GlobalSection(NestedProjects) = preSolution
		{CDA8E8AA-B447-49A5-B0CA-077F727F972D} = {62658E5F-570B-4165-9F37-2EF186F617BD}
		{835E9FD0-5340-424B-A80C-85EC8B92078B} = {62658E5F-570B-4165-9F37-2EF186F617BD}
		{8C160366-2B08-4C42-88C5-9393FFE05275} = {CDA8E8AA-B447-49A5-B0CA-077F727F972D}
		{BABF20C5-C239-4C98-8278-5D25CF8F08EB} = {835E9FD0-5340-424B-A80C-85EC8B92078B}
		{1792DCCF-2E73-4490-AD5E-B0DEC5DFB020} = {41E1E9AF-73C1-4E5E-9657-E01D0D35BE63}
		{07019BC1-FBB9-48B6-B167-39266BED2BE4} = {41E1E9AF-73C1-4E5E-9657-E01D0D35BE63}
		{00B9A2B8-EFBA-45A2-A212-1D84AC9AD570} = {1792DCCF-2E73-4490-AD5E-B0DEC5DFB020}
		{58FF472C-3FF9-4735-B90E-63A16F15A6E0} = {07019BC1-FBB9-48B6-B167-39266BED2BE4}
		{AA79575C-936B-4757-A393-F7547F723C17} = {8F0CC321-E566-42E7-8BCB-A25DD726606C}
		{3C3894F7-A948-4788-9620-03A4816DC679} = {8F0CC321-E566-42E7-8BCB-A25DD726606C}
		{9211203C-659A-483A-BF2F-5A515C47D6D8} = {AA79575C-936B-4757-A393-F7547F723C17}
		{4E4E536E-CA60-4904-B8D8-508A2D8A7541} = {3C3894F7-A948-4788-9620-03A4816DC679}
	EndGlobalSection
EndGlobal
