
Microsoft Visual Studio Solution File, Format Version 12.00
# Visual Studio 2012
Project("{FAE04EC0-301F-11D3-BF4B-00C04F79EFBC}") = "Task_01_RefactorCode", "Task_01_RefactorCode\Task_01_RefactorCode.csproj", "{3792070E-3400-4E15-904D-37F1291DC1CD}"
EndProject
Project("{FAE04EC0-301F-11D3-BF4B-00C04F79EFBC}") = "Task_02_RefactorCode", "Task_02_RefactorCode\Task_02_RefactorCode.csproj", "{8C79364F-93E4-461F-A2F8-57F36CBEC5A7}"
EndProject
Global
	GlobalSection(SolutionConfigurationPlatforms) = preSolution
		Debug|Any CPU = Debug|Any CPU
		Release|Any CPU = Release|Any CPU
	EndGlobalSection
	GlobalSection(ProjectConfigurationPlatforms) = postSolution
		{3792070E-3400-4E15-904D-37F1291DC1CD}.Debug|Any CPU.ActiveCfg = Debug|Any CPU
		{3792070E-3400-4E15-904D-37F1291DC1CD}.Debug|Any CPU.Build.0 = Debug|Any CPU
		{3792070E-3400-4E15-904D-37F1291DC1CD}.Release|Any CPU.ActiveCfg = Release|Any CPU
		{3792070E-3400-4E15-904D-37F1291DC1CD}.Release|Any CPU.Build.0 = Release|Any CPU
		{8C79364F-93E4-461F-A2F8-57F36CBEC5A7}.Debug|Any CPU.ActiveCfg = Debug|Any CPU
		{8C79364F-93E4-461F-A2F8-57F36CBEC5A7}.Debug|Any CPU.Build.0 = Debug|Any CPU
		{8C79364F-93E4-461F-A2F8-57F36CBEC5A7}.Release|Any CPU.ActiveCfg = Release|Any CPU
		{8C79364F-93E4-461F-A2F8-57F36CBEC5A7}.Release|Any CPU.Build.0 = Release|Any CPU
	EndGlobalSection
	GlobalSection(SolutionProperties) = preSolution
		HideSolutionNode = FALSE
	EndGlobalSection
EndGlobal
