
Microsoft Visual Studio Solution File, Format Version 12.00
# Visual Studio 2012
Project("{FAE04EC0-301F-11D3-BF4B-00C04F79EFBC}") = "PetsShop", "PetsShop\PetsShop.csproj", "{B71EF7BE-A41E-4F1B-8791-1E883C38602B}"
EndProject
Global
	GlobalSection(TeamFoundationVersionControl) = preSolution
		SccNumberOfProjects = 2
		SccEnterpriseProvider = {4CA58AB2-18FA-4F8D-95D4-32DDF27D184C}
		SccTeamFoundationServer = https://luzterin.visualstudio.com/defaultcollection
		SccLocalPath0 = .
		SccProjectUniqueName1 = PetsShop\\PetsShop.csproj
		SccProjectName1 = PetsShop
		SccLocalPath1 = PetsShop
	EndGlobalSection
	GlobalSection(SolutionConfigurationPlatforms) = preSolution
		Debug|Any CPU = Debug|Any CPU
		Release|Any CPU = Release|Any CPU
	EndGlobalSection
	GlobalSection(ProjectConfigurationPlatforms) = postSolution
		{B71EF7BE-A41E-4F1B-8791-1E883C38602B}.Debug|Any CPU.ActiveCfg = Debug|Any CPU
		{B71EF7BE-A41E-4F1B-8791-1E883C38602B}.Debug|Any CPU.Build.0 = Debug|Any CPU
		{B71EF7BE-A41E-4F1B-8791-1E883C38602B}.Release|Any CPU.ActiveCfg = Release|Any CPU
		{B71EF7BE-A41E-4F1B-8791-1E883C38602B}.Release|Any CPU.Build.0 = Release|Any CPU
	EndGlobalSection
	GlobalSection(SolutionProperties) = preSolution
		HideSolutionNode = FALSE
	EndGlobalSection
EndGlobal
