
Microsoft Visual Studio Solution File, Format Version 12.00
# Visual Studio 2012
Project("{FAE04EC0-301F-11D3-BF4B-00C04F79EFBC}") = "StudentsOrder", "StudentsOrder\StudentsOrder.csproj", "{BB7C04E0-F199-4CE7-9DDE-3A797E89353D}"
EndProject
Project("{FAE04EC0-301F-11D3-BF4B-00C04F79EFBC}") = "CompanyProducts", "CompanyProducts\CompanyProducts.csproj", "{B8EB805D-915F-4711-8248-27299AD8236A}"
EndProject
Project("{FAE04EC0-301F-11D3-BF4B-00C04F79EFBC}") = "BigDictionary", "BigDictionary\BigDictionary.csproj", "{7E153CE3-8A9C-4706-ACAC-AE5B215415FF}"
EndProject
Global
	GlobalSection(SolutionConfigurationPlatforms) = preSolution
		Debug|Any CPU = Debug|Any CPU
		Release|Any CPU = Release|Any CPU
	EndGlobalSection
	GlobalSection(ProjectConfigurationPlatforms) = postSolution
		{BB7C04E0-F199-4CE7-9DDE-3A797E89353D}.Debug|Any CPU.ActiveCfg = Debug|Any CPU
		{BB7C04E0-F199-4CE7-9DDE-3A797E89353D}.Debug|Any CPU.Build.0 = Debug|Any CPU
		{BB7C04E0-F199-4CE7-9DDE-3A797E89353D}.Release|Any CPU.ActiveCfg = Release|Any CPU
		{BB7C04E0-F199-4CE7-9DDE-3A797E89353D}.Release|Any CPU.Build.0 = Release|Any CPU
		{B8EB805D-915F-4711-8248-27299AD8236A}.Debug|Any CPU.ActiveCfg = Debug|Any CPU
		{B8EB805D-915F-4711-8248-27299AD8236A}.Debug|Any CPU.Build.0 = Debug|Any CPU
		{B8EB805D-915F-4711-8248-27299AD8236A}.Release|Any CPU.ActiveCfg = Release|Any CPU
		{B8EB805D-915F-4711-8248-27299AD8236A}.Release|Any CPU.Build.0 = Release|Any CPU
		{7E153CE3-8A9C-4706-ACAC-AE5B215415FF}.Debug|Any CPU.ActiveCfg = Debug|Any CPU
		{7E153CE3-8A9C-4706-ACAC-AE5B215415FF}.Debug|Any CPU.Build.0 = Debug|Any CPU
		{7E153CE3-8A9C-4706-ACAC-AE5B215415FF}.Release|Any CPU.ActiveCfg = Release|Any CPU
		{7E153CE3-8A9C-4706-ACAC-AE5B215415FF}.Release|Any CPU.Build.0 = Release|Any CPU
	EndGlobalSection
	GlobalSection(SolutionProperties) = preSolution
		HideSolutionNode = FALSE
	EndGlobalSection
EndGlobal
