
Microsoft Visual Studio Solution File, Format Version 12.00
# Visual Studio 2012
Project("{FAE04EC0-301F-11D3-BF4B-00C04F79EFBC}") = "Task_01", "Task_01\Task_01.csproj", "{6DEB46CE-4827-47FE-AA7E-FC6553AFF36C}"
EndProject
Project("{FAE04EC0-301F-11D3-BF4B-00C04F79EFBC}") = "Task_02", "Task_02\Task_02.csproj", "{0C8EDA62-EC1A-4D53-8BD9-FE8FDE23FD4D}"
EndProject
Project("{FAE04EC0-301F-11D3-BF4B-00C04F79EFBC}") = "Task_03", "Task_03\Task_03.csproj", "{F1633EF2-01A5-49B7-A55D-C4881B262A99}"
EndProject
Project("{FAE04EC0-301F-11D3-BF4B-00C04F79EFBC}") = "Task_04", "Task_04\Task_04.csproj", "{CFE9EE93-E74C-48BC-B5A5-1FF1BA859F84}"
EndProject
Project("{FAE04EC0-301F-11D3-BF4B-00C04F79EFBC}") = "Task_05", "Task_05\Task_05.csproj", "{8B22146E-0ED2-48B4-A8D6-09496DEBDF90}"
EndProject
Project("{FAE04EC0-301F-11D3-BF4B-00C04F79EFBC}") = "Task_06", "Task_06\Task_06.csproj", "{0ADD88E5-440A-4CF4-9BC7-EE6FE407B4B5}"
EndProject
Project("{FAE04EC0-301F-11D3-BF4B-00C04F79EFBC}") = "Task_07", "Task_07\Task_07.csproj", "{44C73CB5-68B1-4B03-A52A-B8A4851099E3}"
EndProject
Project("{FAE04EC0-301F-11D3-BF4B-00C04F79EFBC}") = "Task_08", "Task_08\Task_08.csproj", "{FF6673A5-CAE9-4738-B8E7-44769067EF69}"
EndProject
Project("{FAE04EC0-301F-11D3-BF4B-00C04F79EFBC}") = "Task_09", "Task_09\Task_09.csproj", "{2B9DA743-4D51-4EC9-B254-D58DD23C5FFD}"
EndProject
Project("{FAE04EC0-301F-11D3-BF4B-00C04F79EFBC}") = "Task_10", "Task_10\Task_10.csproj", "{B08EC240-4FAA-49F7-B5CB-7A0971AF3F0A}"
EndProject
Project("{FAE04EC0-301F-11D3-BF4B-00C04F79EFBC}") = "Task_11_12", "Task_11\Task_11_12.csproj", "{B3AE224A-27C6-453A-A77F-3E971638B323}"
EndProject
Project("{FAE04EC0-301F-11D3-BF4B-00C04F79EFBC}") = "Task_13", "Task_13\Task_13.csproj", "{B3D19D6A-7FEF-4E57-9E6D-0ABA177C95CB}"
EndProject
Project("{FAE04EC0-301F-11D3-BF4B-00C04F79EFBC}") = "Task_14", "Task_14\Task_14.csproj", "{5004DAA2-F403-421E-A25B-D56C24015DC8}"
EndProject
Project("{FAE04EC0-301F-11D3-BF4B-00C04F79EFBC}") = "Test", "Test\Test.csproj", "{C76CB713-0F9A-411E-AA35-7069A3C15670}"
EndProject
Global
	GlobalSection(SolutionConfigurationPlatforms) = preSolution
		Debug|Any CPU = Debug|Any CPU
		Release|Any CPU = Release|Any CPU
	EndGlobalSection
	GlobalSection(ProjectConfigurationPlatforms) = postSolution
		{6DEB46CE-4827-47FE-AA7E-FC6553AFF36C}.Debug|Any CPU.ActiveCfg = Debug|Any CPU
		{6DEB46CE-4827-47FE-AA7E-FC6553AFF36C}.Debug|Any CPU.Build.0 = Debug|Any CPU
		{6DEB46CE-4827-47FE-AA7E-FC6553AFF36C}.Release|Any CPU.ActiveCfg = Release|Any CPU
		{6DEB46CE-4827-47FE-AA7E-FC6553AFF36C}.Release|Any CPU.Build.0 = Release|Any CPU
		{0C8EDA62-EC1A-4D53-8BD9-FE8FDE23FD4D}.Debug|Any CPU.ActiveCfg = Debug|Any CPU
		{0C8EDA62-EC1A-4D53-8BD9-FE8FDE23FD4D}.Debug|Any CPU.Build.0 = Debug|Any CPU
		{0C8EDA62-EC1A-4D53-8BD9-FE8FDE23FD4D}.Release|Any CPU.ActiveCfg = Release|Any CPU
		{0C8EDA62-EC1A-4D53-8BD9-FE8FDE23FD4D}.Release|Any CPU.Build.0 = Release|Any CPU
		{F1633EF2-01A5-49B7-A55D-C4881B262A99}.Debug|Any CPU.ActiveCfg = Debug|Any CPU
		{F1633EF2-01A5-49B7-A55D-C4881B262A99}.Debug|Any CPU.Build.0 = Debug|Any CPU
		{F1633EF2-01A5-49B7-A55D-C4881B262A99}.Release|Any CPU.ActiveCfg = Release|Any CPU
		{F1633EF2-01A5-49B7-A55D-C4881B262A99}.Release|Any CPU.Build.0 = Release|Any CPU
		{CFE9EE93-E74C-48BC-B5A5-1FF1BA859F84}.Debug|Any CPU.ActiveCfg = Debug|Any CPU
		{CFE9EE93-E74C-48BC-B5A5-1FF1BA859F84}.Debug|Any CPU.Build.0 = Debug|Any CPU
		{CFE9EE93-E74C-48BC-B5A5-1FF1BA859F84}.Release|Any CPU.ActiveCfg = Release|Any CPU
		{CFE9EE93-E74C-48BC-B5A5-1FF1BA859F84}.Release|Any CPU.Build.0 = Release|Any CPU
		{8B22146E-0ED2-48B4-A8D6-09496DEBDF90}.Debug|Any CPU.ActiveCfg = Debug|Any CPU
		{8B22146E-0ED2-48B4-A8D6-09496DEBDF90}.Debug|Any CPU.Build.0 = Debug|Any CPU
		{8B22146E-0ED2-48B4-A8D6-09496DEBDF90}.Release|Any CPU.ActiveCfg = Release|Any CPU
		{8B22146E-0ED2-48B4-A8D6-09496DEBDF90}.Release|Any CPU.Build.0 = Release|Any CPU
		{0ADD88E5-440A-4CF4-9BC7-EE6FE407B4B5}.Debug|Any CPU.ActiveCfg = Debug|Any CPU
		{0ADD88E5-440A-4CF4-9BC7-EE6FE407B4B5}.Debug|Any CPU.Build.0 = Debug|Any CPU
		{0ADD88E5-440A-4CF4-9BC7-EE6FE407B4B5}.Release|Any CPU.ActiveCfg = Release|Any CPU
		{0ADD88E5-440A-4CF4-9BC7-EE6FE407B4B5}.Release|Any CPU.Build.0 = Release|Any CPU
		{44C73CB5-68B1-4B03-A52A-B8A4851099E3}.Debug|Any CPU.ActiveCfg = Debug|Any CPU
		{44C73CB5-68B1-4B03-A52A-B8A4851099E3}.Debug|Any CPU.Build.0 = Debug|Any CPU
		{44C73CB5-68B1-4B03-A52A-B8A4851099E3}.Release|Any CPU.ActiveCfg = Release|Any CPU
		{44C73CB5-68B1-4B03-A52A-B8A4851099E3}.Release|Any CPU.Build.0 = Release|Any CPU
		{FF6673A5-CAE9-4738-B8E7-44769067EF69}.Debug|Any CPU.ActiveCfg = Debug|Any CPU
		{FF6673A5-CAE9-4738-B8E7-44769067EF69}.Debug|Any CPU.Build.0 = Debug|Any CPU
		{FF6673A5-CAE9-4738-B8E7-44769067EF69}.Release|Any CPU.ActiveCfg = Release|Any CPU
		{FF6673A5-CAE9-4738-B8E7-44769067EF69}.Release|Any CPU.Build.0 = Release|Any CPU
		{2B9DA743-4D51-4EC9-B254-D58DD23C5FFD}.Debug|Any CPU.ActiveCfg = Debug|Any CPU
		{2B9DA743-4D51-4EC9-B254-D58DD23C5FFD}.Debug|Any CPU.Build.0 = Debug|Any CPU
		{2B9DA743-4D51-4EC9-B254-D58DD23C5FFD}.Release|Any CPU.ActiveCfg = Release|Any CPU
		{2B9DA743-4D51-4EC9-B254-D58DD23C5FFD}.Release|Any CPU.Build.0 = Release|Any CPU
		{B08EC240-4FAA-49F7-B5CB-7A0971AF3F0A}.Debug|Any CPU.ActiveCfg = Debug|Any CPU
		{B08EC240-4FAA-49F7-B5CB-7A0971AF3F0A}.Debug|Any CPU.Build.0 = Debug|Any CPU
		{B08EC240-4FAA-49F7-B5CB-7A0971AF3F0A}.Release|Any CPU.ActiveCfg = Release|Any CPU
		{B08EC240-4FAA-49F7-B5CB-7A0971AF3F0A}.Release|Any CPU.Build.0 = Release|Any CPU
		{B3AE224A-27C6-453A-A77F-3E971638B323}.Debug|Any CPU.ActiveCfg = Debug|Any CPU
		{B3AE224A-27C6-453A-A77F-3E971638B323}.Debug|Any CPU.Build.0 = Debug|Any CPU
		{B3AE224A-27C6-453A-A77F-3E971638B323}.Release|Any CPU.ActiveCfg = Release|Any CPU
		{B3AE224A-27C6-453A-A77F-3E971638B323}.Release|Any CPU.Build.0 = Release|Any CPU
		{B3D19D6A-7FEF-4E57-9E6D-0ABA177C95CB}.Debug|Any CPU.ActiveCfg = Debug|Any CPU
		{B3D19D6A-7FEF-4E57-9E6D-0ABA177C95CB}.Debug|Any CPU.Build.0 = Debug|Any CPU
		{B3D19D6A-7FEF-4E57-9E6D-0ABA177C95CB}.Release|Any CPU.ActiveCfg = Release|Any CPU
		{B3D19D6A-7FEF-4E57-9E6D-0ABA177C95CB}.Release|Any CPU.Build.0 = Release|Any CPU
		{5004DAA2-F403-421E-A25B-D56C24015DC8}.Debug|Any CPU.ActiveCfg = Debug|Any CPU
		{5004DAA2-F403-421E-A25B-D56C24015DC8}.Debug|Any CPU.Build.0 = Debug|Any CPU
		{5004DAA2-F403-421E-A25B-D56C24015DC8}.Release|Any CPU.ActiveCfg = Release|Any CPU
		{5004DAA2-F403-421E-A25B-D56C24015DC8}.Release|Any CPU.Build.0 = Release|Any CPU
		{C76CB713-0F9A-411E-AA35-7069A3C15670}.Debug|Any CPU.ActiveCfg = Debug|Any CPU
		{C76CB713-0F9A-411E-AA35-7069A3C15670}.Debug|Any CPU.Build.0 = Debug|Any CPU
		{C76CB713-0F9A-411E-AA35-7069A3C15670}.Release|Any CPU.ActiveCfg = Release|Any CPU
		{C76CB713-0F9A-411E-AA35-7069A3C15670}.Release|Any CPU.Build.0 = Release|Any CPU
	EndGlobalSection
	GlobalSection(SolutionProperties) = preSolution
		HideSolutionNode = FALSE
	EndGlobalSection
EndGlobal
